
Microsoft Visual Studio Solution File, Format Version 12.00
# Visual Studio 2013
VisualStudioVersion = 12.0.31101.0
MinimumVisualStudioVersion = 10.0.40219.1
Project("{FAE04EC0-301F-11D3-BF4B-00C04F79EFBC}") = "Invoices.Application", "Invoices.Application\Invoices.Application.csproj", "{983A6E85-536E-4A36-978A-37C59C9CC81A}"
EndProject
Project("{FAE04EC0-301F-11D3-BF4B-00C04F79EFBC}") = "Invoices.Domain", "Invoices.Domain\Invoices.Domain.csproj", "{C97134F3-9120-43B7-A9B5-67E2E6601E9A}"
EndProject
Project("{FAE04EC0-301F-11D3-BF4B-00C04F79EFBC}") = "Invoices.Infrastructure", "Invoices.Infrastructure\Invoices.Infrastructure.csproj", "{43E0EC51-6949-42B1-835B-38513CC261FD}"
EndProject
Project("{2150E333-8FDC-42A3-9474-1A3956D46DE8}") = "Tests", "Tests", "{4FC990B1-CE4A-47F2-869A-CA292233B8AB}"
EndProject
Project("{FAE04EC0-301F-11D3-BF4B-00C04F79EFBC}") = "Invoices.Application.UnitTests", "Invoices.Application.UnitTests\Invoices.Application.UnitTests.csproj", "{F346D9D5-37B0-4514-A1D5-74AF8F1F8850}"
EndProject
Project("{FAE04EC0-301F-11D3-BF4B-00C04F79EFBC}") = "Invoices.Domain.UnitTests", "Invoices.Domain.UnitTests\Invoices.Domain.UnitTests.csproj", "{CFB6E3D8-5093-44CC-895C-B8C5BCC0450E}"
EndProject
Project("{2150E333-8FDC-42A3-9474-1A3956D46DE8}") = "UnitTests", "UnitTests", "{03796634-74C1-4B1C-A114-6C66D698A716}"
EndProject
Project("{2150E333-8FDC-42A3-9474-1A3956D46DE8}") = "ObjectMothers", "ObjectMothers", "{5D15A94F-4D24-454F-9A28-3A5FD289BE16}"
EndProject
Project("{FAE04EC0-301F-11D3-BF4B-00C04F79EFBC}") = "Invoices.ObjectMothers", "Invoices.ObjectMothers\Invoices.ObjectMothers.csproj", "{6F709B8B-55D8-4201-BF7B-3F789C390A34}"
EndProject
Project("{2150E333-8FDC-42A3-9474-1A3956D46DE8}") = "Interfaces", "Interfaces", "{DE396877-0802-43FB-B61A-982E2B3B3A7C}"
EndProject
Project("{FAE04EC0-301F-11D3-BF4B-00C04F79EFBC}") = "Invoices.Presentation.ConsoleApp", "Invoices.Presentation.ConsoleApp\Invoices.Presentation.ConsoleApp.csproj", "{F3B1449D-DEAA-4028-8000-8906B1CAFB63}"
EndProject
Project("{2150E333-8FDC-42A3-9474-1A3956D46DE8}") = "Database", "Database", "{42509262-2146-4AA9-911C-CF135F0E78DA}"
	ProjectSection(SolutionItems) = preProject
		Database\Invoices.mdf = Database\Invoices.mdf
	EndProjectSection
EndProject
Global
	GlobalSection(SolutionConfigurationPlatforms) = preSolution
		Debug|Any CPU = Debug|Any CPU
		Release|Any CPU = Release|Any CPU
	EndGlobalSection
	GlobalSection(ProjectConfigurationPlatforms) = postSolution
		{983A6E85-536E-4A36-978A-37C59C9CC81A}.Debug|Any CPU.ActiveCfg = Debug|Any CPU
		{983A6E85-536E-4A36-978A-37C59C9CC81A}.Debug|Any CPU.Build.0 = Debug|Any CPU
		{983A6E85-536E-4A36-978A-37C59C9CC81A}.Release|Any CPU.ActiveCfg = Release|Any CPU
		{983A6E85-536E-4A36-978A-37C59C9CC81A}.Release|Any CPU.Build.0 = Release|Any CPU
		{C97134F3-9120-43B7-A9B5-67E2E6601E9A}.Debug|Any CPU.ActiveCfg = Debug|Any CPU
		{C97134F3-9120-43B7-A9B5-67E2E6601E9A}.Debug|Any CPU.Build.0 = Debug|Any CPU
		{C97134F3-9120-43B7-A9B5-67E2E6601E9A}.Release|Any CPU.ActiveCfg = Release|Any CPU
		{C97134F3-9120-43B7-A9B5-67E2E6601E9A}.Release|Any CPU.Build.0 = Release|Any CPU
		{43E0EC51-6949-42B1-835B-38513CC261FD}.Debug|Any CPU.ActiveCfg = Debug|Any CPU
		{43E0EC51-6949-42B1-835B-38513CC261FD}.Debug|Any CPU.Build.0 = Debug|Any CPU
		{43E0EC51-6949-42B1-835B-38513CC261FD}.Release|Any CPU.ActiveCfg = Release|Any CPU
		{43E0EC51-6949-42B1-835B-38513CC261FD}.Release|Any CPU.Build.0 = Release|Any CPU
		{F346D9D5-37B0-4514-A1D5-74AF8F1F8850}.Debug|Any CPU.ActiveCfg = Debug|Any CPU
		{F346D9D5-37B0-4514-A1D5-74AF8F1F8850}.Debug|Any CPU.Build.0 = Debug|Any CPU
		{F346D9D5-37B0-4514-A1D5-74AF8F1F8850}.Release|Any CPU.ActiveCfg = Release|Any CPU
		{F346D9D5-37B0-4514-A1D5-74AF8F1F8850}.Release|Any CPU.Build.0 = Release|Any CPU
		{CFB6E3D8-5093-44CC-895C-B8C5BCC0450E}.Debug|Any CPU.ActiveCfg = Debug|Any CPU
		{CFB6E3D8-5093-44CC-895C-B8C5BCC0450E}.Debug|Any CPU.Build.0 = Debug|Any CPU
		{CFB6E3D8-5093-44CC-895C-B8C5BCC0450E}.Release|Any CPU.ActiveCfg = Release|Any CPU
		{CFB6E3D8-5093-44CC-895C-B8C5BCC0450E}.Release|Any CPU.Build.0 = Release|Any CPU
		{6F709B8B-55D8-4201-BF7B-3F789C390A34}.Debug|Any CPU.ActiveCfg = Debug|Any CPU
		{6F709B8B-55D8-4201-BF7B-3F789C390A34}.Debug|Any CPU.Build.0 = Debug|Any CPU
		{6F709B8B-55D8-4201-BF7B-3F789C390A34}.Release|Any CPU.ActiveCfg = Release|Any CPU
		{6F709B8B-55D8-4201-BF7B-3F789C390A34}.Release|Any CPU.Build.0 = Release|Any CPU
		{F3B1449D-DEAA-4028-8000-8906B1CAFB63}.Debug|Any CPU.ActiveCfg = Debug|Any CPU
		{F3B1449D-DEAA-4028-8000-8906B1CAFB63}.Debug|Any CPU.Build.0 = Debug|Any CPU
		{F3B1449D-DEAA-4028-8000-8906B1CAFB63}.Release|Any CPU.ActiveCfg = Release|Any CPU
		{F3B1449D-DEAA-4028-8000-8906B1CAFB63}.Release|Any CPU.Build.0 = Release|Any CPU
	EndGlobalSection
	GlobalSection(SolutionProperties) = preSolution
		HideSolutionNode = FALSE
	EndGlobalSection
	GlobalSection(NestedProjects) = preSolution
		{F346D9D5-37B0-4514-A1D5-74AF8F1F8850} = {03796634-74C1-4B1C-A114-6C66D698A716}
		{CFB6E3D8-5093-44CC-895C-B8C5BCC0450E} = {03796634-74C1-4B1C-A114-6C66D698A716}
		{03796634-74C1-4B1C-A114-6C66D698A716} = {4FC990B1-CE4A-47F2-869A-CA292233B8AB}
		{5D15A94F-4D24-454F-9A28-3A5FD289BE16} = {4FC990B1-CE4A-47F2-869A-CA292233B8AB}
		{6F709B8B-55D8-4201-BF7B-3F789C390A34} = {5D15A94F-4D24-454F-9A28-3A5FD289BE16}
		{F3B1449D-DEAA-4028-8000-8906B1CAFB63} = {DE396877-0802-43FB-B61A-982E2B3B3A7C}
	EndGlobalSection
EndGlobal
